
Microsoft Visual Studio Solution File, Format Version 12.00
# Visual Studio 15
VisualStudioVersion = 15.0.28307.757
MinimumVisualStudioVersion = 10.0.40219.1
Project("{FAE04EC0-301F-11D3-BF4B-00C04F79EFBC}") = "Jakub_Rzepka_TreeStructure_Core", "Jakub_Rzepka_TreeStructure_Core\Jakub_Rzepka_TreeStructure_Core.csproj", "{3C303D9F-EC23-422A-83C8-6F796AD9FF8E}"
EndProject
Global
	GlobalSection(SolutionConfigurationPlatforms) = preSolution
		Debug|Any CPU = Debug|Any CPU
		Release|Any CPU = Release|Any CPU
	EndGlobalSection
	GlobalSection(ProjectConfigurationPlatforms) = postSolution
		{3C303D9F-EC23-422A-83C8-6F796AD9FF8E}.Debug|Any CPU.ActiveCfg = Debug|Any CPU
		{3C303D9F-EC23-422A-83C8-6F796AD9FF8E}.Debug|Any CPU.Build.0 = Debug|Any CPU
		{3C303D9F-EC23-422A-83C8-6F796AD9FF8E}.Release|Any CPU.ActiveCfg = Release|Any CPU
		{3C303D9F-EC23-422A-83C8-6F796AD9FF8E}.Release|Any CPU.Build.0 = Release|Any CPU
	EndGlobalSection
	GlobalSection(SolutionProperties) = preSolution
		HideSolutionNode = FALSE
	EndGlobalSection
	GlobalSection(ExtensibilityGlobals) = postSolution
		SolutionGuid = {11EE85D0-ABC6-4648-88DC-86684FB80582}
	EndGlobalSection
EndGlobal
